
Microsoft Visual Studio Solution File, Format Version 12.00
Project("{FAE04EC0-301F-11D3-BF4B-00C04F79EFBC}") = "PopugJira.GoalTracker.Application", "PopugJira.GoalTracker\PopugJira.GoalTracker.Application\PopugJira.GoalTracker.Application.csproj", "{FF5C87B2-D761-4ACF-9FE0-A5E8BA6B5ED4}"
EndProject
Project("{FAE04EC0-301F-11D3-BF4B-00C04F79EFBC}") = "PopugJira.GoalTracker.DataAccessLayer", "PopugJira.GoalTracker\PopugJira.GoalTracker.DataAccessLayer\PopugJira.GoalTracker.DataAccessLayer.csproj", "{1F9037A2-0E67-4857-9BFE-7B21169CE54D}"
EndProject
Project("{FAE04EC0-301F-11D3-BF4B-00C04F79EFBC}") = "PopugJira.GoalTracker.Tests", "PopugJira.GoalTracker\PopugJira.GoalTracker.Tests\PopugJira.GoalTracker.Tests.csproj", "{BE88B5A1-D16E-44E3-B363-B29154AF2281}"
EndProject
Project("{FAE04EC0-301F-11D3-BF4B-00C04F79EFBC}") = "PopugJira.GoalTracker.DataAccessLayer.Contract", "PopugJira.GoalTracker\PopugJira.GoalTracker.DataAccessLayer.Contract\PopugJira.GoalTracker.DataAccessLayer.Contract.csproj", "{7BFF116C-6D58-495A-98B2-A18409D2E252}"
EndProject
Project("{FAE04EC0-301F-11D3-BF4B-00C04F79EFBC}") = "PopugJira.GoalTracker.Domain", "PopugJira.GoalTracker\PopugJira.GoalTracker.Domain\PopugJira.GoalTracker.Domain.csproj", "{AC19B873-14A2-4E1F-92BC-83E19DE4B805}"
EndProject
Project("{FAE04EC0-301F-11D3-BF4B-00C04F79EFBC}") = "PopugJira.GoalTracker", "PopugJira.GoalTracker\PopugJira.GoalTracker\PopugJira.GoalTracker.csproj", "{C25ACC8B-057D-4119-BEFC-18DA2E263CEF}"
EndProject
Project("{2150E333-8FDC-42A3-9474-1A3956D46DE8}") = "PopugJira.GoalTracker", "PopugJira.GoalTracker\PopugJira.GoalTracker", "{674C402E-2DB5-47F8-8AB7-AB1AA106D2AA}"
EndProject
Project("{FAE04EC0-301F-11D3-BF4B-00C04F79EFBC}") = "PopugJira", "PopugJira\PopugJira.csproj", "{2A2846E9-2900-43CE-895E-138DEC44AA0E}"
EndProject
Project("{2150E333-8FDC-42A3-9474-1A3956D46DE8}") = "PopugJira.Shared", "PopugJira.Shared", "{4F0E8C67-0E2E-4E2F-A40E-0A7DB6D851A9}"
EndProject
Project("{FAE04EC0-301F-11D3-BF4B-00C04F79EFBC}") = "PopugJira.AutoDI", "PopugJira.Shared\PopugJira.AutoDI\PopugJira.AutoDI.csproj", "{EC63FA80-A102-4A42-89CB-A76552076E7C}"
EndProject
Project("{2150E333-8FDC-42A3-9474-1A3956D46DE8}") = "PopugJira.Auth", "PopugJira.Auth", "{9974FC79-1951-4F85-B2A7-B24CD4863B26}"
EndProject
Project("{FAE04EC0-301F-11D3-BF4B-00C04F79EFBC}") = "PopugJira.Identity", "PopugJira.Auth\PopugJira.Identity\PopugJira.Identity.csproj", "{5B97A17B-07E7-4C73-8321-B511FEF7CAFB}"
EndProject
Project("{2150E333-8FDC-42A3-9474-1A3956D46DE8}") = "PopugJira.EventBus", "PopugJira.EventBus", "{B5E10372-C3DB-424D-BA2D-0E05DC9E594C}"
EndProject
Project("{FAE04EC0-301F-11D3-BF4B-00C04F79EFBC}") = "PopugJira.EventBus", "PopugJira.EventBus\PopugJira.EventBus\PopugJira.EventBus.csproj", "{101403F0-D934-497C-9B23-8B6886763249}"
EndProject
Project("{FAE04EC0-301F-11D3-BF4B-00C04F79EFBC}") = "PopugJira.Common", "PopugJira.Shared\PopugJira.Common\PopugJira.Common.csproj", "{99A8DE33-4F61-4F2A-ACA5-65AF0AB17B6E}"
EndProject
Project("{FAE04EC0-301F-11D3-BF4B-00C04F79EFBC}") = "PopugJira.Microservice", "PopugJira.Shared\PopugJira.Microservice\PopugJira.Microservice.csproj", "{D2AFD4A5-9C7B-46C0-BE9F-6EB5CBE7E027}"
EndProject
Project("{2150E333-8FDC-42A3-9474-1A3956D46DE8}") = "PopugJira.Accounting", "PopugJira.Accounting", "{BE8F6F12-F308-458D-A853-DC4B89271B36}"
EndProject
Project("{FAE04EC0-301F-11D3-BF4B-00C04F79EFBC}") = "PopugJira.Accounting", "PopugJira.Accounting\PopugJira.Accounting\PopugJira.Accounting.csproj", "{51187DC5-2529-4D85-A505-63CCAF332D09}"
EndProject
Project("{FAE04EC0-301F-11D3-BF4B-00C04F79EFBC}") = "PopugJira.Accounting.DataAccessLayer", "PopugJira.Accounting\PopugJira.Accounting.DataAccessLayer\PopugJira.Accounting.DataAccessLayer.csproj", "{4AAA951D-F2C0-48C8-BA8A-A23C11CE4A1A}"
EndProject
Project("{FAE04EC0-301F-11D3-BF4B-00C04F79EFBC}") = "PopugJira.Accounting.Application", "PopugJira.Accounting\PopugJira.Accounting.Application\PopugJira.Accounting.Application.csproj", "{56DB1A8C-80A7-41BF-AEA3-652C19B9BE6E}"
EndProject
Project("{FAE04EC0-301F-11D3-BF4B-00C04F79EFBC}") = "PopugJira.Accounting.Domain", "PopugJira.Accounting\PopugJira.Accounting.Domain\PopugJira.Accounting.Domain.csproj", "{DE806C2D-DD84-4A9F-84D7-305B0C0CEC7D}"
EndProject
Project("{2150E333-8FDC-42A3-9474-1A3956D46DE8}") = "PopugJira.Analytics", "PopugJira.Analytics", "{19A99D1B-E644-4758-895C-D1E87DED5C44}"
EndProject
Project("{FAE04EC0-301F-11D3-BF4B-00C04F79EFBC}") = "PopugJira.Analytics", "PopugJira.Analytics\PopugJira.Analytics\PopugJira.Analytics.csproj", "{489DD924-B305-47DA-9A53-9B76F6C9F58A}"
EndProject
Project("{FAE04EC0-301F-11D3-BF4B-00C04F79EFBC}") = "PopugJira.Analytics.DataAccessLayer", "PopugJira.Analytics\PopugJira.Analytics.DataAccessLayer\PopugJira.Analytics.DataAccessLayer.csproj", "{1163FE38-749E-4B63-A6D9-F99159FE7581}"
EndProject
Project("{FAE04EC0-301F-11D3-BF4B-00C04F79EFBC}") = "PopugJira.Analytics.Domain", "PopugJira.Analytics\PopugJira.Analytics.Domain\PopugJira.Analytics.Domain.csproj", "{7EF22E63-36FD-482D-90F6-09D41969AC34}"
EndProject
Project("{FAE04EC0-301F-11D3-BF4B-00C04F79EFBC}") = "PopugJira.Analytics.Application", "PopugJira.Analytics\PopugJira.Analytics.Application\PopugJira.Analytics.Application.csproj", "{D0F8173B-1C38-44A3-973C-A2E764C530A1}"
EndProject
Project("{2150E333-8FDC-42A3-9474-1A3956D46DE8}") = "PopugJira.Notifications", "PopugJira.Notifications", "{01507038-5CE3-4C9B-BD6C-D281A81D291F}"
EndProject
Project("{FAE04EC0-301F-11D3-BF4B-00C04F79EFBC}") = "PopugJira.Notifications", "PopugJira.Notifications\PopugJira.Notifications\PopugJira.Notifications.csproj", "{80201D83-12F3-401D-B217-99257EC6992E}"
EndProject
Project("{FAE04EC0-301F-11D3-BF4B-00C04F79EFBC}") = "PopugJira.Notifications.DataAccessLayer", "PopugJira.Notifications\PopugJira.Notifications.DataAccessLayer\PopugJira.Notifications.DataAccessLayer.csproj", "{5D277856-AE6E-4BF6-A88E-EEB0D55BE09F}"
EndProject
Project("{FAE04EC0-301F-11D3-BF4B-00C04F79EFBC}") = "PopugJira.Notifications.Application", "PopugJira.Notifications\PopugJira.Notifications.Application\PopugJira.Notifications.Application.csproj", "{35DD42C3-8068-440E-80CE-77F6CDC3C4E9}"
EndProject
Project("{FAE04EC0-301F-11D3-BF4B-00C04F79EFBC}") = "PopugJira.Notifications.Domain", "PopugJira.Notifications\PopugJira.Notifications.Domain\PopugJira.Notifications.Domain.csproj", "{656620B4-8A37-4631-97AB-5EA04F794EA0}"
EndProject
Global
	GlobalSection(SolutionConfigurationPlatforms) = preSolution
		Debug|Any CPU = Debug|Any CPU
		Release|Any CPU = Release|Any CPU
	EndGlobalSection
	GlobalSection(ProjectConfigurationPlatforms) = postSolution
		{FF5C87B2-D761-4ACF-9FE0-A5E8BA6B5ED4}.Debug|Any CPU.ActiveCfg = Debug|Any CPU
		{FF5C87B2-D761-4ACF-9FE0-A5E8BA6B5ED4}.Debug|Any CPU.Build.0 = Debug|Any CPU
		{FF5C87B2-D761-4ACF-9FE0-A5E8BA6B5ED4}.Release|Any CPU.ActiveCfg = Release|Any CPU
		{FF5C87B2-D761-4ACF-9FE0-A5E8BA6B5ED4}.Release|Any CPU.Build.0 = Release|Any CPU
		{1F9037A2-0E67-4857-9BFE-7B21169CE54D}.Debug|Any CPU.ActiveCfg = Debug|Any CPU
		{1F9037A2-0E67-4857-9BFE-7B21169CE54D}.Debug|Any CPU.Build.0 = Debug|Any CPU
		{1F9037A2-0E67-4857-9BFE-7B21169CE54D}.Release|Any CPU.ActiveCfg = Release|Any CPU
		{1F9037A2-0E67-4857-9BFE-7B21169CE54D}.Release|Any CPU.Build.0 = Release|Any CPU
		{BE88B5A1-D16E-44E3-B363-B29154AF2281}.Debug|Any CPU.ActiveCfg = Debug|Any CPU
		{BE88B5A1-D16E-44E3-B363-B29154AF2281}.Debug|Any CPU.Build.0 = Debug|Any CPU
		{BE88B5A1-D16E-44E3-B363-B29154AF2281}.Release|Any CPU.ActiveCfg = Release|Any CPU
		{BE88B5A1-D16E-44E3-B363-B29154AF2281}.Release|Any CPU.Build.0 = Release|Any CPU
		{7BFF116C-6D58-495A-98B2-A18409D2E252}.Debug|Any CPU.ActiveCfg = Debug|Any CPU
		{7BFF116C-6D58-495A-98B2-A18409D2E252}.Debug|Any CPU.Build.0 = Debug|Any CPU
		{7BFF116C-6D58-495A-98B2-A18409D2E252}.Release|Any CPU.ActiveCfg = Release|Any CPU
		{7BFF116C-6D58-495A-98B2-A18409D2E252}.Release|Any CPU.Build.0 = Release|Any CPU
		{AC19B873-14A2-4E1F-92BC-83E19DE4B805}.Debug|Any CPU.ActiveCfg = Debug|Any CPU
		{AC19B873-14A2-4E1F-92BC-83E19DE4B805}.Debug|Any CPU.Build.0 = Debug|Any CPU
		{AC19B873-14A2-4E1F-92BC-83E19DE4B805}.Release|Any CPU.ActiveCfg = Release|Any CPU
		{AC19B873-14A2-4E1F-92BC-83E19DE4B805}.Release|Any CPU.Build.0 = Release|Any CPU
		{C25ACC8B-057D-4119-BEFC-18DA2E263CEF}.Debug|Any CPU.ActiveCfg = Debug|Any CPU
		{C25ACC8B-057D-4119-BEFC-18DA2E263CEF}.Debug|Any CPU.Build.0 = Debug|Any CPU
		{C25ACC8B-057D-4119-BEFC-18DA2E263CEF}.Release|Any CPU.ActiveCfg = Release|Any CPU
		{C25ACC8B-057D-4119-BEFC-18DA2E263CEF}.Release|Any CPU.Build.0 = Release|Any CPU
		{2A2846E9-2900-43CE-895E-138DEC44AA0E}.Debug|Any CPU.ActiveCfg = Debug|Any CPU
		{2A2846E9-2900-43CE-895E-138DEC44AA0E}.Debug|Any CPU.Build.0 = Debug|Any CPU
		{2A2846E9-2900-43CE-895E-138DEC44AA0E}.Release|Any CPU.ActiveCfg = Release|Any CPU
		{2A2846E9-2900-43CE-895E-138DEC44AA0E}.Release|Any CPU.Build.0 = Release|Any CPU
		{EC63FA80-A102-4A42-89CB-A76552076E7C}.Debug|Any CPU.ActiveCfg = Debug|Any CPU
		{EC63FA80-A102-4A42-89CB-A76552076E7C}.Debug|Any CPU.Build.0 = Debug|Any CPU
		{EC63FA80-A102-4A42-89CB-A76552076E7C}.Release|Any CPU.ActiveCfg = Release|Any CPU
		{EC63FA80-A102-4A42-89CB-A76552076E7C}.Release|Any CPU.Build.0 = Release|Any CPU
		{5B97A17B-07E7-4C73-8321-B511FEF7CAFB}.Debug|Any CPU.ActiveCfg = Debug|Any CPU
		{5B97A17B-07E7-4C73-8321-B511FEF7CAFB}.Debug|Any CPU.Build.0 = Debug|Any CPU
		{5B97A17B-07E7-4C73-8321-B511FEF7CAFB}.Release|Any CPU.ActiveCfg = Release|Any CPU
		{5B97A17B-07E7-4C73-8321-B511FEF7CAFB}.Release|Any CPU.Build.0 = Release|Any CPU
		{101403F0-D934-497C-9B23-8B6886763249}.Debug|Any CPU.ActiveCfg = Debug|Any CPU
		{101403F0-D934-497C-9B23-8B6886763249}.Debug|Any CPU.Build.0 = Debug|Any CPU
		{101403F0-D934-497C-9B23-8B6886763249}.Release|Any CPU.ActiveCfg = Release|Any CPU
		{101403F0-D934-497C-9B23-8B6886763249}.Release|Any CPU.Build.0 = Release|Any CPU
		{99A8DE33-4F61-4F2A-ACA5-65AF0AB17B6E}.Debug|Any CPU.ActiveCfg = Debug|Any CPU
		{99A8DE33-4F61-4F2A-ACA5-65AF0AB17B6E}.Debug|Any CPU.Build.0 = Debug|Any CPU
		{99A8DE33-4F61-4F2A-ACA5-65AF0AB17B6E}.Release|Any CPU.ActiveCfg = Release|Any CPU
		{99A8DE33-4F61-4F2A-ACA5-65AF0AB17B6E}.Release|Any CPU.Build.0 = Release|Any CPU
		{D2AFD4A5-9C7B-46C0-BE9F-6EB5CBE7E027}.Debug|Any CPU.ActiveCfg = Debug|Any CPU
		{D2AFD4A5-9C7B-46C0-BE9F-6EB5CBE7E027}.Debug|Any CPU.Build.0 = Debug|Any CPU
		{D2AFD4A5-9C7B-46C0-BE9F-6EB5CBE7E027}.Release|Any CPU.ActiveCfg = Release|Any CPU
		{D2AFD4A5-9C7B-46C0-BE9F-6EB5CBE7E027}.Release|Any CPU.Build.0 = Release|Any CPU
		{51187DC5-2529-4D85-A505-63CCAF332D09}.Debug|Any CPU.ActiveCfg = Debug|Any CPU
		{51187DC5-2529-4D85-A505-63CCAF332D09}.Debug|Any CPU.Build.0 = Debug|Any CPU
		{51187DC5-2529-4D85-A505-63CCAF332D09}.Release|Any CPU.ActiveCfg = Release|Any CPU
		{51187DC5-2529-4D85-A505-63CCAF332D09}.Release|Any CPU.Build.0 = Release|Any CPU
		{4AAA951D-F2C0-48C8-BA8A-A23C11CE4A1A}.Debug|Any CPU.ActiveCfg = Debug|Any CPU
		{4AAA951D-F2C0-48C8-BA8A-A23C11CE4A1A}.Debug|Any CPU.Build.0 = Debug|Any CPU
		{4AAA951D-F2C0-48C8-BA8A-A23C11CE4A1A}.Release|Any CPU.ActiveCfg = Release|Any CPU
		{4AAA951D-F2C0-48C8-BA8A-A23C11CE4A1A}.Release|Any CPU.Build.0 = Release|Any CPU
		{56DB1A8C-80A7-41BF-AEA3-652C19B9BE6E}.Debug|Any CPU.ActiveCfg = Debug|Any CPU
		{56DB1A8C-80A7-41BF-AEA3-652C19B9BE6E}.Debug|Any CPU.Build.0 = Debug|Any CPU
		{56DB1A8C-80A7-41BF-AEA3-652C19B9BE6E}.Release|Any CPU.ActiveCfg = Release|Any CPU
		{56DB1A8C-80A7-41BF-AEA3-652C19B9BE6E}.Release|Any CPU.Build.0 = Release|Any CPU
		{DE806C2D-DD84-4A9F-84D7-305B0C0CEC7D}.Debug|Any CPU.ActiveCfg = Debug|Any CPU
		{DE806C2D-DD84-4A9F-84D7-305B0C0CEC7D}.Debug|Any CPU.Build.0 = Debug|Any CPU
		{DE806C2D-DD84-4A9F-84D7-305B0C0CEC7D}.Release|Any CPU.ActiveCfg = Release|Any CPU
		{DE806C2D-DD84-4A9F-84D7-305B0C0CEC7D}.Release|Any CPU.Build.0 = Release|Any CPU
		{489DD924-B305-47DA-9A53-9B76F6C9F58A}.Debug|Any CPU.ActiveCfg = Debug|Any CPU
		{489DD924-B305-47DA-9A53-9B76F6C9F58A}.Debug|Any CPU.Build.0 = Debug|Any CPU
		{489DD924-B305-47DA-9A53-9B76F6C9F58A}.Release|Any CPU.ActiveCfg = Release|Any CPU
		{489DD924-B305-47DA-9A53-9B76F6C9F58A}.Release|Any CPU.Build.0 = Release|Any CPU
		{1163FE38-749E-4B63-A6D9-F99159FE7581}.Debug|Any CPU.ActiveCfg = Debug|Any CPU
		{1163FE38-749E-4B63-A6D9-F99159FE7581}.Debug|Any CPU.Build.0 = Debug|Any CPU
		{1163FE38-749E-4B63-A6D9-F99159FE7581}.Release|Any CPU.ActiveCfg = Release|Any CPU
		{1163FE38-749E-4B63-A6D9-F99159FE7581}.Release|Any CPU.Build.0 = Release|Any CPU
		{7EF22E63-36FD-482D-90F6-09D41969AC34}.Debug|Any CPU.ActiveCfg = Debug|Any CPU
		{7EF22E63-36FD-482D-90F6-09D41969AC34}.Debug|Any CPU.Build.0 = Debug|Any CPU
		{7EF22E63-36FD-482D-90F6-09D41969AC34}.Release|Any CPU.ActiveCfg = Release|Any CPU
		{7EF22E63-36FD-482D-90F6-09D41969AC34}.Release|Any CPU.Build.0 = Release|Any CPU
		{D0F8173B-1C38-44A3-973C-A2E764C530A1}.Debug|Any CPU.ActiveCfg = Debug|Any CPU
		{D0F8173B-1C38-44A3-973C-A2E764C530A1}.Debug|Any CPU.Build.0 = Debug|Any CPU
		{D0F8173B-1C38-44A3-973C-A2E764C530A1}.Release|Any CPU.ActiveCfg = Release|Any CPU
		{D0F8173B-1C38-44A3-973C-A2E764C530A1}.Release|Any CPU.Build.0 = Release|Any CPU
		{80201D83-12F3-401D-B217-99257EC6992E}.Debug|Any CPU.ActiveCfg = Debug|Any CPU
		{80201D83-12F3-401D-B217-99257EC6992E}.Debug|Any CPU.Build.0 = Debug|Any CPU
		{80201D83-12F3-401D-B217-99257EC6992E}.Release|Any CPU.ActiveCfg = Release|Any CPU
		{80201D83-12F3-401D-B217-99257EC6992E}.Release|Any CPU.Build.0 = Release|Any CPU
		{5D277856-AE6E-4BF6-A88E-EEB0D55BE09F}.Debug|Any CPU.ActiveCfg = Debug|Any CPU
		{5D277856-AE6E-4BF6-A88E-EEB0D55BE09F}.Debug|Any CPU.Build.0 = Debug|Any CPU
		{5D277856-AE6E-4BF6-A88E-EEB0D55BE09F}.Release|Any CPU.ActiveCfg = Release|Any CPU
		{5D277856-AE6E-4BF6-A88E-EEB0D55BE09F}.Release|Any CPU.Build.0 = Release|Any CPU
		{35DD42C3-8068-440E-80CE-77F6CDC3C4E9}.Debug|Any CPU.ActiveCfg = Debug|Any CPU
		{35DD42C3-8068-440E-80CE-77F6CDC3C4E9}.Debug|Any CPU.Build.0 = Debug|Any CPU
		{35DD42C3-8068-440E-80CE-77F6CDC3C4E9}.Release|Any CPU.ActiveCfg = Release|Any CPU
		{35DD42C3-8068-440E-80CE-77F6CDC3C4E9}.Release|Any CPU.Build.0 = Release|Any CPU
		{656620B4-8A37-4631-97AB-5EA04F794EA0}.Debug|Any CPU.ActiveCfg = Debug|Any CPU
		{656620B4-8A37-4631-97AB-5EA04F794EA0}.Debug|Any CPU.Build.0 = Debug|Any CPU
		{656620B4-8A37-4631-97AB-5EA04F794EA0}.Release|Any CPU.ActiveCfg = Release|Any CPU
		{656620B4-8A37-4631-97AB-5EA04F794EA0}.Release|Any CPU.Build.0 = Release|Any CPU
	EndGlobalSection
	GlobalSection(NestedProjects) = preSolution
		{FF5C87B2-D761-4ACF-9FE0-A5E8BA6B5ED4} = {674C402E-2DB5-47F8-8AB7-AB1AA106D2AA}
		{1F9037A2-0E67-4857-9BFE-7B21169CE54D} = {674C402E-2DB5-47F8-8AB7-AB1AA106D2AA}
		{7BFF116C-6D58-495A-98B2-A18409D2E252} = {674C402E-2DB5-47F8-8AB7-AB1AA106D2AA}
		{AC19B873-14A2-4E1F-92BC-83E19DE4B805} = {674C402E-2DB5-47F8-8AB7-AB1AA106D2AA}
		{C25ACC8B-057D-4119-BEFC-18DA2E263CEF} = {674C402E-2DB5-47F8-8AB7-AB1AA106D2AA}
		{BE88B5A1-D16E-44E3-B363-B29154AF2281} = {674C402E-2DB5-47F8-8AB7-AB1AA106D2AA}
		{EC63FA80-A102-4A42-89CB-A76552076E7C} = {4F0E8C67-0E2E-4E2F-A40E-0A7DB6D851A9}
		{5B97A17B-07E7-4C73-8321-B511FEF7CAFB} = {9974FC79-1951-4F85-B2A7-B24CD4863B26}
		{101403F0-D934-497C-9B23-8B6886763249} = {B5E10372-C3DB-424D-BA2D-0E05DC9E594C}
		{99A8DE33-4F61-4F2A-ACA5-65AF0AB17B6E} = {4F0E8C67-0E2E-4E2F-A40E-0A7DB6D851A9}
		{D2AFD4A5-9C7B-46C0-BE9F-6EB5CBE7E027} = {4F0E8C67-0E2E-4E2F-A40E-0A7DB6D851A9}
		{51187DC5-2529-4D85-A505-63CCAF332D09} = {BE8F6F12-F308-458D-A853-DC4B89271B36}
		{4AAA951D-F2C0-48C8-BA8A-A23C11CE4A1A} = {BE8F6F12-F308-458D-A853-DC4B89271B36}
		{56DB1A8C-80A7-41BF-AEA3-652C19B9BE6E} = {BE8F6F12-F308-458D-A853-DC4B89271B36}
		{DE806C2D-DD84-4A9F-84D7-305B0C0CEC7D} = {BE8F6F12-F308-458D-A853-DC4B89271B36}
		{489DD924-B305-47DA-9A53-9B76F6C9F58A} = {19A99D1B-E644-4758-895C-D1E87DED5C44}
		{1163FE38-749E-4B63-A6D9-F99159FE7581} = {19A99D1B-E644-4758-895C-D1E87DED5C44}
		{7EF22E63-36FD-482D-90F6-09D41969AC34} = {19A99D1B-E644-4758-895C-D1E87DED5C44}
		{D0F8173B-1C38-44A3-973C-A2E764C530A1} = {19A99D1B-E644-4758-895C-D1E87DED5C44}
		{80201D83-12F3-401D-B217-99257EC6992E} = {01507038-5CE3-4C9B-BD6C-D281A81D291F}
		{5D277856-AE6E-4BF6-A88E-EEB0D55BE09F} = {01507038-5CE3-4C9B-BD6C-D281A81D291F}
		{35DD42C3-8068-440E-80CE-77F6CDC3C4E9} = {01507038-5CE3-4C9B-BD6C-D281A81D291F}
		{656620B4-8A37-4631-97AB-5EA04F794EA0} = {01507038-5CE3-4C9B-BD6C-D281A81D291F}
	EndGlobalSection
EndGlobal
