
Microsoft Visual Studio Solution File, Format Version 12.00
Project("{FAE04EC0-301F-11D3-BF4B-00C04F79EFBC}") = "PopugJira.GoalTracker.Application", "PopugJira.GoalTracker\PopugJira.GoalTracker.Application\PopugJira.GoalTracker.Application.csproj", "{FF5C87B2-D761-4ACF-9FE0-A5E8BA6B5ED4}"
EndProject
Project("{FAE04EC0-301F-11D3-BF4B-00C04F79EFBC}") = "PopugJira.GoalTracker.DataAccessLayer", "PopugJira.GoalTracker\PopugJira.GoalTracker.DataAccessLayer\PopugJira.GoalTracker.DataAccessLayer.csproj", "{1F9037A2-0E67-4857-9BFE-7B21169CE54D}"
EndProject
Project("{FAE04EC0-301F-11D3-BF4B-00C04F79EFBC}") = "PopugJira.GoalTracker.Tests", "PopugJira.GoalTracker\PopugJira.GoalTracker.Tests\PopugJira.GoalTracker.Tests.csproj", "{BE88B5A1-D16E-44E3-B363-B29154AF2281}"
EndProject
Project("{FAE04EC0-301F-11D3-BF4B-00C04F79EFBC}") = "PopugJira.GoalTracker.DataAccessLayer.Contract", "PopugJira.GoalTracker\PopugJira.GoalTracker.DataAccessLayer.Contract\PopugJira.GoalTracker.DataAccessLayer.Contract.csproj", "{7BFF116C-6D58-495A-98B2-A18409D2E252}"
EndProject
Project("{FAE04EC0-301F-11D3-BF4B-00C04F79EFBC}") = "PopugJira.GoalTracker.Domain", "PopugJira.GoalTracker\PopugJira.GoalTracker.Domain\PopugJira.GoalTracker.Domain.csproj", "{AC19B873-14A2-4E1F-92BC-83E19DE4B805}"
EndProject
Project("{FAE04EC0-301F-11D3-BF4B-00C04F79EFBC}") = "PopugJira.GoalTracker", "PopugJira.GoalTracker\PopugJira.GoalTracker\PopugJira.GoalTracker.csproj", "{C25ACC8B-057D-4119-BEFC-18DA2E263CEF}"
EndProject
Project("{2150E333-8FDC-42A3-9474-1A3956D46DE8}") = "PopugJira.GoalTracker", "PopugJira.GoalTracker\PopugJira.GoalTracker", "{674C402E-2DB5-47F8-8AB7-AB1AA106D2AA}"
EndProject
Project("{FAE04EC0-301F-11D3-BF4B-00C04F79EFBC}") = "PopugJira", "PopugJira\PopugJira.csproj", "{2A2846E9-2900-43CE-895E-138DEC44AA0E}"
EndProject
Project("{2150E333-8FDC-42A3-9474-1A3956D46DE8}") = "PopugJira.Shared", "PopugJira.Shared", "{4F0E8C67-0E2E-4E2F-A40E-0A7DB6D851A9}"
EndProject
Project("{FAE04EC0-301F-11D3-BF4B-00C04F79EFBC}") = "PopugJira.AutoDI", "PopugJira.Shared\PopugJira.AutoDI\PopugJira.AutoDI.csproj", "{EC63FA80-A102-4A42-89CB-A76552076E7C}"
EndProject
Project("{2150E333-8FDC-42A3-9474-1A3956D46DE8}") = "PopugJira.Auth", "PopugJira.Auth", "{9974FC79-1951-4F85-B2A7-B24CD4863B26}"
EndProject
Project("{FAE04EC0-301F-11D3-BF4B-00C04F79EFBC}") = "PopugJira.Identity", "PopugJira.Auth\PopugJira.Identity\PopugJira.Identity.csproj", "{5B97A17B-07E7-4C73-8321-B511FEF7CAFB}"
EndProject
Project("{2150E333-8FDC-42A3-9474-1A3956D46DE8}") = "PopugJira.EventBus", "PopugJira.EventBus", "{B5E10372-C3DB-424D-BA2D-0E05DC9E594C}"
EndProject
Project("{FAE04EC0-301F-11D3-BF4B-00C04F79EFBC}") = "PopugJira.EventBus", "PopugJira.EventBus\PopugJira.EventBus\PopugJira.EventBus.csproj", "{101403F0-D934-497C-9B23-8B6886763249}"
EndProject
Project("{FAE04EC0-301F-11D3-BF4B-00C04F79EFBC}") = "PopugJira.Common", "PopugJira.Shared\PopugJira.Common\PopugJira.Common.csproj", "{99A8DE33-4F61-4F2A-ACA5-65AF0AB17B6E}"
EndProject
Project("{FAE04EC0-301F-11D3-BF4B-00C04F79EFBC}") = "PopugJira.Microservice", "PopugJira.Shared\PopugJira.Microservice\PopugJira.Microservice.csproj", "{D2AFD4A5-9C7B-46C0-BE9F-6EB5CBE7E027}"
EndProject
Global
	GlobalSection(SolutionConfigurationPlatforms) = preSolution
		Debug|Any CPU = Debug|Any CPU
		Release|Any CPU = Release|Any CPU
	EndGlobalSection
	GlobalSection(ProjectConfigurationPlatforms) = postSolution
		{FF5C87B2-D761-4ACF-9FE0-A5E8BA6B5ED4}.Debug|Any CPU.ActiveCfg = Debug|Any CPU
		{FF5C87B2-D761-4ACF-9FE0-A5E8BA6B5ED4}.Debug|Any CPU.Build.0 = Debug|Any CPU
		{FF5C87B2-D761-4ACF-9FE0-A5E8BA6B5ED4}.Release|Any CPU.ActiveCfg = Release|Any CPU
		{FF5C87B2-D761-4ACF-9FE0-A5E8BA6B5ED4}.Release|Any CPU.Build.0 = Release|Any CPU
		{1F9037A2-0E67-4857-9BFE-7B21169CE54D}.Debug|Any CPU.ActiveCfg = Debug|Any CPU
		{1F9037A2-0E67-4857-9BFE-7B21169CE54D}.Debug|Any CPU.Build.0 = Debug|Any CPU
		{1F9037A2-0E67-4857-9BFE-7B21169CE54D}.Release|Any CPU.ActiveCfg = Release|Any CPU
		{1F9037A2-0E67-4857-9BFE-7B21169CE54D}.Release|Any CPU.Build.0 = Release|Any CPU
		{BE88B5A1-D16E-44E3-B363-B29154AF2281}.Debug|Any CPU.ActiveCfg = Debug|Any CPU
		{BE88B5A1-D16E-44E3-B363-B29154AF2281}.Debug|Any CPU.Build.0 = Debug|Any CPU
		{BE88B5A1-D16E-44E3-B363-B29154AF2281}.Release|Any CPU.ActiveCfg = Release|Any CPU
		{BE88B5A1-D16E-44E3-B363-B29154AF2281}.Release|Any CPU.Build.0 = Release|Any CPU
		{7BFF116C-6D58-495A-98B2-A18409D2E252}.Debug|Any CPU.ActiveCfg = Debug|Any CPU
		{7BFF116C-6D58-495A-98B2-A18409D2E252}.Debug|Any CPU.Build.0 = Debug|Any CPU
		{7BFF116C-6D58-495A-98B2-A18409D2E252}.Release|Any CPU.ActiveCfg = Release|Any CPU
		{7BFF116C-6D58-495A-98B2-A18409D2E252}.Release|Any CPU.Build.0 = Release|Any CPU
		{AC19B873-14A2-4E1F-92BC-83E19DE4B805}.Debug|Any CPU.ActiveCfg = Debug|Any CPU
		{AC19B873-14A2-4E1F-92BC-83E19DE4B805}.Debug|Any CPU.Build.0 = Debug|Any CPU
		{AC19B873-14A2-4E1F-92BC-83E19DE4B805}.Release|Any CPU.ActiveCfg = Release|Any CPU
		{AC19B873-14A2-4E1F-92BC-83E19DE4B805}.Release|Any CPU.Build.0 = Release|Any CPU
		{C25ACC8B-057D-4119-BEFC-18DA2E263CEF}.Debug|Any CPU.ActiveCfg = Debug|Any CPU
		{C25ACC8B-057D-4119-BEFC-18DA2E263CEF}.Debug|Any CPU.Build.0 = Debug|Any CPU
		{C25ACC8B-057D-4119-BEFC-18DA2E263CEF}.Release|Any CPU.ActiveCfg = Release|Any CPU
		{C25ACC8B-057D-4119-BEFC-18DA2E263CEF}.Release|Any CPU.Build.0 = Release|Any CPU
		{2A2846E9-2900-43CE-895E-138DEC44AA0E}.Debug|Any CPU.ActiveCfg = Debug|Any CPU
		{2A2846E9-2900-43CE-895E-138DEC44AA0E}.Debug|Any CPU.Build.0 = Debug|Any CPU
		{2A2846E9-2900-43CE-895E-138DEC44AA0E}.Release|Any CPU.ActiveCfg = Release|Any CPU
		{2A2846E9-2900-43CE-895E-138DEC44AA0E}.Release|Any CPU.Build.0 = Release|Any CPU
		{EC63FA80-A102-4A42-89CB-A76552076E7C}.Debug|Any CPU.ActiveCfg = Debug|Any CPU
		{EC63FA80-A102-4A42-89CB-A76552076E7C}.Debug|Any CPU.Build.0 = Debug|Any CPU
		{EC63FA80-A102-4A42-89CB-A76552076E7C}.Release|Any CPU.ActiveCfg = Release|Any CPU
		{EC63FA80-A102-4A42-89CB-A76552076E7C}.Release|Any CPU.Build.0 = Release|Any CPU
		{5B97A17B-07E7-4C73-8321-B511FEF7CAFB}.Debug|Any CPU.ActiveCfg = Debug|Any CPU
		{5B97A17B-07E7-4C73-8321-B511FEF7CAFB}.Debug|Any CPU.Build.0 = Debug|Any CPU
		{5B97A17B-07E7-4C73-8321-B511FEF7CAFB}.Release|Any CPU.ActiveCfg = Release|Any CPU
		{5B97A17B-07E7-4C73-8321-B511FEF7CAFB}.Release|Any CPU.Build.0 = Release|Any CPU
		{101403F0-D934-497C-9B23-8B6886763249}.Debug|Any CPU.ActiveCfg = Debug|Any CPU
		{101403F0-D934-497C-9B23-8B6886763249}.Debug|Any CPU.Build.0 = Debug|Any CPU
		{101403F0-D934-497C-9B23-8B6886763249}.Release|Any CPU.ActiveCfg = Release|Any CPU
		{101403F0-D934-497C-9B23-8B6886763249}.Release|Any CPU.Build.0 = Release|Any CPU
		{99A8DE33-4F61-4F2A-ACA5-65AF0AB17B6E}.Debug|Any CPU.ActiveCfg = Debug|Any CPU
		{99A8DE33-4F61-4F2A-ACA5-65AF0AB17B6E}.Debug|Any CPU.Build.0 = Debug|Any CPU
		{99A8DE33-4F61-4F2A-ACA5-65AF0AB17B6E}.Release|Any CPU.ActiveCfg = Release|Any CPU
		{99A8DE33-4F61-4F2A-ACA5-65AF0AB17B6E}.Release|Any CPU.Build.0 = Release|Any CPU
		{D2AFD4A5-9C7B-46C0-BE9F-6EB5CBE7E027}.Debug|Any CPU.ActiveCfg = Debug|Any CPU
		{D2AFD4A5-9C7B-46C0-BE9F-6EB5CBE7E027}.Debug|Any CPU.Build.0 = Debug|Any CPU
		{D2AFD4A5-9C7B-46C0-BE9F-6EB5CBE7E027}.Release|Any CPU.ActiveCfg = Release|Any CPU
		{D2AFD4A5-9C7B-46C0-BE9F-6EB5CBE7E027}.Release|Any CPU.Build.0 = Release|Any CPU
	EndGlobalSection
	GlobalSection(NestedProjects) = preSolution
		{FF5C87B2-D761-4ACF-9FE0-A5E8BA6B5ED4} = {674C402E-2DB5-47F8-8AB7-AB1AA106D2AA}
		{1F9037A2-0E67-4857-9BFE-7B21169CE54D} = {674C402E-2DB5-47F8-8AB7-AB1AA106D2AA}
		{7BFF116C-6D58-495A-98B2-A18409D2E252} = {674C402E-2DB5-47F8-8AB7-AB1AA106D2AA}
		{AC19B873-14A2-4E1F-92BC-83E19DE4B805} = {674C402E-2DB5-47F8-8AB7-AB1AA106D2AA}
		{C25ACC8B-057D-4119-BEFC-18DA2E263CEF} = {674C402E-2DB5-47F8-8AB7-AB1AA106D2AA}
		{BE88B5A1-D16E-44E3-B363-B29154AF2281} = {674C402E-2DB5-47F8-8AB7-AB1AA106D2AA}
		{EC63FA80-A102-4A42-89CB-A76552076E7C} = {4F0E8C67-0E2E-4E2F-A40E-0A7DB6D851A9}
		{5B97A17B-07E7-4C73-8321-B511FEF7CAFB} = {9974FC79-1951-4F85-B2A7-B24CD4863B26}
		{101403F0-D934-497C-9B23-8B6886763249} = {B5E10372-C3DB-424D-BA2D-0E05DC9E594C}
		{99A8DE33-4F61-4F2A-ACA5-65AF0AB17B6E} = {4F0E8C67-0E2E-4E2F-A40E-0A7DB6D851A9}
		{D2AFD4A5-9C7B-46C0-BE9F-6EB5CBE7E027} = {4F0E8C67-0E2E-4E2F-A40E-0A7DB6D851A9}
	EndGlobalSection
EndGlobal
